
Microsoft Visual Studio Solution File, Format Version 12.00
# Visual Studio Version 16
VisualStudioVersion = 16.0.30717.126
MinimumVisualStudioVersion = 10.0.40219.1
Project("{FAE04EC0-301F-11D3-BF4B-00C04F79EFBC}") = "TBP Projekt", "TBP Projekt\TBP Projekt.csproj", "{2221DB24-C474-4E8E-B495-4236E0037DFD}"
EndProject
Global
	GlobalSection(SolutionConfigurationPlatforms) = preSolution
		Debug|Any CPU = Debug|Any CPU
		Release|Any CPU = Release|Any CPU
	EndGlobalSection
	GlobalSection(ProjectConfigurationPlatforms) = postSolution
		{2221DB24-C474-4E8E-B495-4236E0037DFD}.Debug|Any CPU.ActiveCfg = Debug|Any CPU
		{2221DB24-C474-4E8E-B495-4236E0037DFD}.Debug|Any CPU.Build.0 = Debug|Any CPU
		{2221DB24-C474-4E8E-B495-4236E0037DFD}.Release|Any CPU.ActiveCfg = Release|Any CPU
		{2221DB24-C474-4E8E-B495-4236E0037DFD}.Release|Any CPU.Build.0 = Release|Any CPU
	EndGlobalSection
	GlobalSection(SolutionProperties) = preSolution
		HideSolutionNode = FALSE
	EndGlobalSection
	GlobalSection(ExtensibilityGlobals) = postSolution
		SolutionGuid = {C3972F1C-9A1F-405D-8E54-CA602E8648B6}
	EndGlobalSection
EndGlobal
